// !$*UTF8*$!
{
	archiveVersion = 1;
	classes = {
	};
	objectVersion = 52;
	objects = {

/* Begin PBXBuildFile section */
		8A1435842531ED5300618313 /* Flash_Chat_SwiftUIApp.swift in Sources */ = {isa = PBXBuildFile; fileRef = 8A1435832531ED5300618313 /* Flash_Chat_SwiftUIApp.swift */; };
		8A1435882531ED5400618313 /* Assets.xcassets in Resources */ = {isa = PBXBuildFile; fileRef = 8A1435872531ED5400618313 /* Assets.xcassets */; };
		8A14358B2531ED5400618313 /* Preview Assets.xcassets in Resources */ = {isa = PBXBuildFile; fileRef = 8A14358A2531ED5400618313 /* Preview Assets.xcassets */; };
		8A1435942531EDA900618313 /* WelcomeView.swift in Sources */ = {isa = PBXBuildFile; fileRef = 8A1435932531EDA900618313 /* WelcomeView.swift */; };
		8A14359A2531EE7400618313 /* GhostTypewriter in Frameworks */ = {isa = PBXBuildFile; productRef = 8A1435992531EE7400618313 /* GhostTypewriter */; };
		8A14359D2531EEDB00618313 /* TypeWriterText.swift in Sources */ = {isa = PBXBuildFile; fileRef = 8A14359C2531EEDB00618313 /* TypeWriterText.swift */; };
		8A8FC217253D708E00021B9C /* ChatViewModel.swift in Sources */ = {isa = PBXBuildFile; fileRef = 8A8FC216253D708E00021B9C /* ChatViewModel.swift */; };
		8AEA1A722532D31300536C13 /* ChatView.swift in Sources */ = {isa = PBXBuildFile; fileRef = 8AEA1A712532D31300536C13 /* ChatView.swift */; };
		8AEA1A752532D5E100536C13 /* Message.swift in Sources */ = {isa = PBXBuildFile; fileRef = 8AEA1A742532D5E100536C13 /* Message.swift */; };
/* End PBXBuildFile section */

/* Begin PBXFileReference section */
		8A1435802531ED5300618313 /* Flash Chat SwiftUI.app */ = {isa = PBXFileReference; explicitFileType = wrapper.application; includeInIndex = 0; path = "Flash Chat SwiftUI.app"; sourceTree = BUILT_PRODUCTS_DIR; };
		8A1435832531ED5300618313 /* Flash_Chat_SwiftUIApp.swift */ = {isa = PBXFileReference; lastKnownFileType = sourcecode.swift; path = Flash_Chat_SwiftUIApp.swift; sourceTree = "<group>"; };
		8A1435872531ED5400618313 /* Assets.xcassets */ = {isa = PBXFileReference; lastKnownFileType = folder.assetcatalog; path = Assets.xcassets; sourceTree = "<group>"; };
		8A14358A2531ED5400618313 /* Preview Assets.xcassets */ = {isa = PBXFileReference; lastKnownFileType = folder.assetcatalog; path = "Preview Assets.xcassets"; sourceTree = "<group>"; };
		8A14358C2531ED5400618313 /* Info.plist */ = {isa = PBXFileReference; lastKnownFileType = text.plist.xml; path = Info.plist; sourceTree = "<group>"; };
		8A1435932531EDA900618313 /* WelcomeView.swift */ = {isa = PBXFileReference; lastKnownFileType = sourcecode.swift; path = WelcomeView.swift; sourceTree = "<group>"; };
		8A14359C2531EEDB00618313 /* TypeWriterText.swift */ = {isa = PBXFileReference; lastKnownFileType = sourcecode.swift; path = TypeWriterText.swift; sourceTree = "<group>"; };
		8A8FC216253D708E00021B9C /* ChatViewModel.swift */ = {isa = PBXFileReference; lastKnownFileType = sourcecode.swift; path = ChatViewModel.swift; sourceTree = "<group>"; };
		8AEA1A712532D31300536C13 /* ChatView.swift */ = {isa = PBXFileReference; lastKnownFileType = sourcecode.swift; path = ChatView.swift; sourceTree = "<group>"; };
		8AEA1A742532D5E100536C13 /* Message.swift */ = {isa = PBXFileReference; lastKnownFileType = sourcecode.swift; path = Message.swift; sourceTree = "<group>"; };
/* End PBXFileReference section */

/* Begin PBXFrameworksBuildPhase section */
		8A14357D2531ED5300618313 /* Frameworks */ = {
			isa = PBXFrameworksBuildPhase;
			buildActionMask = 2147483647;
			files = (
				8A14359A2531EE7400618313 /* GhostTypewriter in Frameworks */,
			);
			runOnlyForDeploymentPostprocessing = 0;
		};
/* End PBXFrameworksBuildPhase section */

/* Begin PBXGroup section */
		8A1435772531ED5300618313 = {
			isa = PBXGroup;
			children = (
				8A1435822531ED5300618313 /* Flash Chat SwiftUI */,
				8A1435812531ED5300618313 /* Products */,
			);
			sourceTree = "<group>";
		};
		8A1435812531ED5300618313 /* Products */ = {
			isa = PBXGroup;
			children = (
				8A1435802531ED5300618313 /* Flash Chat SwiftUI.app */,
			);
			name = Products;
			sourceTree = "<group>";
		};
		8A1435822531ED5300618313 /* Flash Chat SwiftUI */ = {
			isa = PBXGroup;
			children = (
				8A1435832531ED5300618313 /* Flash_Chat_SwiftUIApp.swift */,
				8AEA1A772532D5EA00536C13 /* Models */,
				8A1435962531EDB300618313 /* Views */,
				8A8FC215253D706F00021B9C /* ViewModels */,
				8A1435872531ED5400618313 /* Assets.xcassets */,
				8A14358C2531ED5400618313 /* Info.plist */,
				8A1435892531ED5400618313 /* Preview Content */,
			);
			path = "Flash Chat SwiftUI";
			sourceTree = "<group>";
		};
		8A1435892531ED5400618313 /* Preview Content */ = {
			isa = PBXGroup;
			children = (
				8A14358A2531ED5400618313 /* Preview Assets.xcassets */,
			);
			path = "Preview Content";
			sourceTree = "<group>";
		};
		8A1435962531EDB300618313 /* Views */ = {
			isa = PBXGroup;
			children = (
				8A1435932531EDA900618313 /* WelcomeView.swift */,
				8AEA1A712532D31300536C13 /* ChatView.swift */,
				8A14359C2531EEDB00618313 /* TypeWriterText.swift */,
			);
			path = Views;
			sourceTree = "<group>";
		};
		8A8FC215253D706F00021B9C /* ViewModels */ = {
			isa = PBXGroup;
			children = (
				8A8FC216253D708E00021B9C /* ChatViewModel.swift */,
			);
			path = ViewModels;
			sourceTree = "<group>";
		};
		8AEA1A772532D5EA00536C13 /* Models */ = {
			isa = PBXGroup;
			children = (
				8AEA1A742532D5E100536C13 /* Message.swift */,
			);
			path = Models;
			sourceTree = "<group>";
		};
/* End PBXGroup section */

/* Begin PBXNativeTarget section */
		8A14357F2531ED5300618313 /* Flash Chat SwiftUI */ = {
			isa = PBXNativeTarget;
			buildConfigurationList = 8A14358F2531ED5400618313 /* Build configuration list for PBXNativeTarget "Flash Chat SwiftUI" */;
			buildPhases = (
				8A14357C2531ED5300618313 /* Sources */,
				8A14357D2531ED5300618313 /* Frameworks */,
				8A14357E2531ED5300618313 /* Resources */,
			);
			buildRules = (
			);
			dependencies = (
			);
			name = "Flash Chat SwiftUI";
			packageProductDependencies = (
				8A1435992531EE7400618313 /* GhostTypewriter */,
			);
			productName = "Flash Chat SwiftUI";
			productReference = 8A1435802531ED5300618313 /* Flash Chat SwiftUI.app */;
			productType = "com.apple.product-type.application";
		};
/* End PBXNativeTarget section */

/* Begin PBXProject section */
		8A1435782531ED5300618313 /* Project object */ = {
			isa = PBXProject;
			attributes = {
				LastSwiftUpdateCheck = 1200;
				LastUpgradeCheck = 1200;
				TargetAttributes = {
					8A14357F2531ED5300618313 = {
						CreatedOnToolsVersion = 12.0.1;
					};
				};
			};
			buildConfigurationList = 8A14357B2531ED5300618313 /* Build configuration list for PBXProject "Flash Chat SwiftUI" */;
			compatibilityVersion = "Xcode 9.3";
			developmentRegion = en;
			hasScannedForEncodings = 0;
			knownRegions = (
				en,
				Base,
			);
			mainGroup = 8A1435772531ED5300618313;
			packageReferences = (
				8A1435982531EE7400618313 /* XCRemoteSwiftPackageReference "GhostTypewriter" */,
			);
			productRefGroup = 8A1435812531ED5300618313 /* Products */;
			projectDirPath = "";
			projectRoot = "";
			targets = (
				8A14357F2531ED5300618313 /* Flash Chat SwiftUI */,
			);
		};
/* End PBXProject section */

/* Begin PBXResourcesBuildPhase section */
		8A14357E2531ED5300618313 /* Resources */ = {
			isa = PBXResourcesBuildPhase;
			buildActionMask = 2147483647;
			files = (
				8A14358B2531ED5400618313 /* Preview Assets.xcassets in Resources */,
				8A1435882531ED5400618313 /* Assets.xcassets in Resources */,
			);
			runOnlyForDeploymentPostprocessing = 0;
		};
/* End PBXResourcesBuildPhase section */

/* Begin PBXSourcesBuildPhase section */
		8A14357C2531ED5300618313 /* Sources */ = {
			isa = PBXSourcesBuildPhase;
			buildActionMask = 2147483647;
			files = (
				8AEA1A722532D31300536C13 /* ChatView.swift in Sources */,
				8A1435942531EDA900618313 /* WelcomeView.swift in Sources */,
				8AEA1A752532D5E100536C13 /* Message.swift in Sources */,
				8A1435842531ED5300618313 /* Flash_Chat_SwiftUIApp.swift in Sources */,
				8A8FC217253D708E00021B9C /* ChatViewModel.swift in Sources */,
				8A14359D2531EEDB00618313 /* TypeWriterText.swift in Sources */,
			);
			runOnlyForDeploymentPostprocessing = 0;
		};
/* End PBXSourcesBuildPhase section */

/* Begin XCBuildConfiguration section */
		8A14358D2531ED5400618313 /* Debug */ = {
			isa = XCBuildConfiguration;
			buildSettings = {
				ALWAYS_SEARCH_USER_PATHS = NO;
				CLANG_ANALYZER_NONNULL = YES;
				CLANG_ANALYZER_NUMBER_OBJECT_CONVERSION = YES_AGGRESSIVE;
				CLANG_CXX_LANGUAGE_STANDARD = "gnu++14";
				CLANG_CXX_LIBRARY = "libc++";
				CLANG_ENABLE_MODULES = YES;
				CLANG_ENABLE_OBJC_ARC = YES;
				CLANG_ENABLE_OBJC_WEAK = YES;
				CLANG_WARN_BLOCK_CAPTURE_AUTORELEASING = YES;
				CLANG_WARN_BOOL_CONVERSION = YES;
				CLANG_WARN_COMMA = YES;
				CLANG_WARN_CONSTANT_CONVERSION = YES;
				CLANG_WARN_DEPRECATED_OBJC_IMPLEMENTATIONS = YES;
				CLANG_WARN_DIRECT_OBJC_ISA_USAGE = YES_ERROR;
				CLANG_WARN_DOCUMENTATION_COMMENTS = YES;
				CLANG_WARN_EMPTY_BODY = YES;
				CLANG_WARN_ENUM_CONVERSION = YES;
				CLANG_WARN_INFINITE_RECURSION = YES;
				CLANG_WARN_INT_CONVERSION = YES;
				CLANG_WARN_NON_LITERAL_NULL_CONVERSION = YES;
				CLANG_WARN_OBJC_IMPLICIT_RETAIN_SELF = YES;
				CLANG_WARN_OBJC_LITERAL_CONVERSION = YES;
				CLANG_WARN_OBJC_ROOT_CLASS = YES_ERROR;
				CLANG_WARN_QUOTED_INCLUDE_IN_FRAMEWORK_HEADER = YES;
				CLANG_WARN_RANGE_LOOP_ANALYSIS = YES;
				CLANG_WARN_STRICT_PROTOTYPES = YES;
				CLANG_WARN_SUSPICIOUS_MOVE = YES;
				CLANG_WARN_UNGUARDED_AVAILABILITY = YES_AGGRESSIVE;
				CLANG_WARN_UNREACHABLE_CODE = YES;
				CLANG_WARN__DUPLICATE_METHOD_MATCH = YES;
				COPY_PHASE_STRIP = NO;
				DEBUG_INFORMATION_FORMAT = dwarf;
				ENABLE_STRICT_OBJC_MSGSEND = YES;
				ENABLE_TESTABILITY = YES;
				GCC_C_LANGUAGE_STANDARD = gnu11;
				GCC_DYNAMIC_NO_PIC = NO;
				GCC_NO_COMMON_BLOCKS = YES;
				GCC_OPTIMIZATION_LEVEL = 0;
				GCC_PREPROCESSOR_DEFINITIONS = (
					"DEBUG=1",
					"$(inherited)",
				);
				GCC_WARN_64_TO_32_BIT_CONVERSION = YES;
				GCC_WARN_ABOUT_RETURN_TYPE = YES_ERROR;
				GCC_WARN_UNDECLARED_SELECTOR = YES;
				GCC_WARN_UNINITIALIZED_AUTOS = YES_AGGRESSIVE;
				GCC_WARN_UNUSED_FUNCTION = YES;
				GCC_WARN_UNUSED_VARIABLE = YES;
				IPHONEOS_DEPLOYMENT_TARGET = 14.0;
				MTL_ENABLE_DEBUG_INFO = INCLUDE_SOURCE;
				MTL_FAST_MATH = YES;
				ONLY_ACTIVE_ARCH = YES;
				SDKROOT = iphoneos;
				SWIFT_ACTIVE_COMPILATION_CONDITIONS = DEBUG;
				SWIFT_OPTIMIZATION_LEVEL = "-Onone";
			};
			name = Debug;
		};
		8A14358E2531ED5400618313 /* Release */ = {
			isa = XCBuildConfiguration;
			buildSettings = {
				ALWAYS_SEARCH_USER_PATHS = NO;
				CLANG_ANALYZER_NONNULL = YES;
				CLANG_ANALYZER_NUMBER_OBJECT_CONVERSION = YES_AGGRESSIVE;
				CLANG_CXX_LANGUAGE_STANDARD = "gnu++14";
				CLANG_CXX_LIBRARY = "libc++";
				CLANG_ENABLE_MODULES = YES;
				CLANG_ENABLE_OBJC_ARC = YES;
				CLANG_ENABLE_OBJC_WEAK = YES;
				CLANG_WARN_BLOCK_CAPTURE_AUTORELEASING = YES;
				CLANG_WARN_BOOL_CONVERSION = YES;
				CLANG_WARN_COMMA = YES;
				CLANG_WARN_CONSTANT_CONVERSION = YES;
				CLANG_WARN_DEPRECATED_OBJC_IMPLEMENTATIONS = YES;
				CLANG_WARN_DIRECT_OBJC_ISA_USAGE = YES_ERROR;
				CLANG_WARN_DOCUMENTATION_COMMENTS = YES;
				CLANG_WARN_EMPTY_BODY = YES;
				CLANG_WARN_ENUM_CONVERSION = YES;
				CLANG_WARN_INFINITE_RECURSION = YES;
				CLANG_WARN_INT_CONVERSION = YES;
				CLANG_WARN_NON_LITERAL_NULL_CONVERSION = YES;
				CLANG_WARN_OBJC_IMPLICIT_RETAIN_SELF = YES;
				CLANG_WARN_OBJC_LITERAL_CONVERSION = YES;
				CLANG_WARN_OBJC_ROOT_CLASS = YES_ERROR;
				CLANG_WARN_QUOTED_INCLUDE_IN_FRAMEWORK_HEADER = YES;
				CLANG_WARN_RANGE_LOOP_ANALYSIS = YES;
				CLANG_WARN_STRICT_PROTOTYPES = YES;
				CLANG_WARN_SUSPICIOUS_MOVE = YES;
				CLANG_WARN_UNGUARDED_AVAILABILITY = YES_AGGRESSIVE;
				CLANG_WARN_UNREACHABLE_CODE = YES;
				CLANG_WARN__DUPLICATE_METHOD_MATCH = YES;
				COPY_PHASE_STRIP = NO;
				DEBUG_INFORMATION_FORMAT = "dwarf-with-dsym";
				ENABLE_NS_ASSERTIONS = NO;
				ENABLE_STRICT_OBJC_MSGSEND = YES;
				GCC_C_LANGUAGE_STANDARD = gnu11;
				GCC_NO_COMMON_BLOCKS = YES;
				GCC_WARN_64_TO_32_BIT_CONVERSION = YES;
				GCC_WARN_ABOUT_RETURN_TYPE = YES_ERROR;
				GCC_WARN_UNDECLARED_SELECTOR = YES;
				GCC_WARN_UNINITIALIZED_AUTOS = YES_AGGRESSIVE;
				GCC_WARN_UNUSED_FUNCTION = YES;
				GCC_WARN_UNUSED_VARIABLE = YES;
				IPHONEOS_DEPLOYMENT_TARGET = 14.0;
				MTL_ENABLE_DEBUG_INFO = NO;
				MTL_FAST_MATH = YES;
				SDKROOT = iphoneos;
				SWIFT_COMPILATION_MODE = wholemodule;
				SWIFT_OPTIMIZATION_LEVEL = "-O";
				VALIDATE_PRODUCT = YES;
			};
			name = Release;
		};
		8A1435902531ED5400618313 /* Debug */ = {
			isa = XCBuildConfiguration;
			buildSettings = {
				ASSETCATALOG_COMPILER_APPICON_NAME = AppIcon;
				ASSETCATALOG_COMPILER_GLOBAL_ACCENT_COLOR_NAME = AccentColor;
				CODE_SIGN_STYLE = Automatic;
				DEVELOPMENT_ASSET_PATHS = "\"Flash Chat SwiftUI/Preview Content\"";
				DEVELOPMENT_TEAM = FH2S6DV46B;
				ENABLE_PREVIEWS = YES;
				INFOPLIST_FILE = "Flash Chat SwiftUI/Info.plist";
				IPHONEOS_DEPLOYMENT_TARGET = 14.0;
				LD_RUNPATH_SEARCH_PATHS = (
					"$(inherited)",
					"@executable_path/Frameworks",
				);
				PRODUCT_BUNDLE_IDENTIFIER = "io.winsiri.Flash-Chat-SwiftUI";
				PRODUCT_NAME = "$(TARGET_NAME)";
				SWIFT_VERSION = 5.0;
				TARGETED_DEVICE_FAMILY = "1,2";
			};
			name = Debug;
		};
		8A1435912531ED5400618313 /* Release */ = {
			isa = XCBuildConfiguration;
			buildSettings = {
				ASSETCATALOG_COMPILER_APPICON_NAME = AppIcon;
				ASSETCATALOG_COMPILER_GLOBAL_ACCENT_COLOR_NAME = AccentColor;
				CODE_SIGN_STYLE = Automatic;
				DEVELOPMENT_ASSET_PATHS = "\"Flash Chat SwiftUI/Preview Content\"";
				DEVELOPMENT_TEAM = FH2S6DV46B;
				ENABLE_PREVIEWS = YES;
				INFOPLIST_FILE = "Flash Chat SwiftUI/Info.plist";
				IPHONEOS_DEPLOYMENT_TARGET = 14.0;
				LD_RUNPATH_SEARCH_PATHS = (
					"$(inherited)",
					"@executable_path/Frameworks",
				);
				PRODUCT_BUNDLE_IDENTIFIER = "io.winsiri.Flash-Chat-SwiftUI";
				PRODUCT_NAME = "$(TARGET_NAME)";
				SWIFT_VERSION = 5.0;
				TARGETED_DEVICE_FAMILY = "1,2";
			};
			name = Release;
		};
/* End XCBuildConfiguration section */

/* Begin XCConfigurationList section */
		8A14357B2531ED5300618313 /* Build configuration list for PBXProject "Flash Chat SwiftUI" */ = {
			isa = XCConfigurationList;
			buildConfigurations = (
				8A14358D2531ED5400618313 /* Debug */,
				8A14358E2531ED5400618313 /* Release */,
			);
			defaultConfigurationIsVisible = 0;
			defaultConfigurationName = Release;
		};
		8A14358F2531ED5400618313 /* Build configuration list for PBXNativeTarget "Flash Chat SwiftUI" */ = {
			isa = XCConfigurationList;
			buildConfigurations = (
				8A1435902531ED5400618313 /* Debug */,
				8A1435912531ED5400618313 /* Release */,
			);
			defaultConfigurationIsVisible = 0;
			defaultConfigurationName = Release;
		};
/* End XCConfigurationList section */

/* Begin XCRemoteSwiftPackageReference section */
		8A1435982531EE7400618313 /* XCRemoteSwiftPackageReference "GhostTypewriter" */ = {
			isa = XCRemoteSwiftPackageReference;
			repositoryURL = "https://github.com/wibosco/GhostTypewriter.git";
			requirement = {
				kind = upToNextMajorVersion;
				minimumVersion = 2.1.0;
			};
		};
/* End XCRemoteSwiftPackageReference section */

/* Begin XCSwiftPackageProductDependency section */
		8A1435992531EE7400618313 /* GhostTypewriter */ = {
			isa = XCSwiftPackageProductDependency;
			package = 8A1435982531EE7400618313 /* XCRemoteSwiftPackageReference "GhostTypewriter" */;
			productName = GhostTypewriter;
		};
/* End XCSwiftPackageProductDependency section */
	};
	rootObject = 8A1435782531ED5300618313 /* Project object */;
}
